// !$*UTF8*$!
{
	archiveVersion = 1;
	classes = {
	};
	objectVersion = 50;
	objects = {

/* Begin PBXBuildFile section */
		BE1F066B2370CCF100CF6FE6 /* Alamofire.framework in Frameworks */ = {isa = PBXBuildFile; fileRef = BE1F065D2370CC3700CF6FE6 /* Alamofire.framework */; };
		BE1F066C2370CCF100CF6FE6 /* Alamofire.framework in Embed Frameworks */ = {isa = PBXBuildFile; fileRef = BE1F065D2370CC3700CF6FE6 /* Alamofire.framework */; settings = {ATTRIBUTES = (CodeSignOnCopy, RemoveHeadersOnCopy, ); }; };
		BE2039AE236CC92500CBD096 /* AppDelegate.swift in Sources */ = {isa = PBXBuildFile; fileRef = BE2039AD236CC92500CBD096 /* AppDelegate.swift */; };
		BE2039B0236CC92500CBD096 /* SceneDelegate.swift in Sources */ = {isa = PBXBuildFile; fileRef = BE2039AF236CC92500CBD096 /* SceneDelegate.swift */; };
		BE2039B2236CC92500CBD096 /* ViewController.swift in Sources */ = {isa = PBXBuildFile; fileRef = BE2039B1236CC92500CBD096 /* ViewController.swift */; };
		BE2039B5236CC92500CBD096 /* Main.storyboard in Resources */ = {isa = PBXBuildFile; fileRef = BE2039B3236CC92500CBD096 /* Main.storyboard */; };
		BE2039B7236CC92600CBD096 /* Assets.xcassets in Resources */ = {isa = PBXBuildFile; fileRef = BE2039B6236CC92600CBD096 /* Assets.xcassets */; };
		BE2039BA236CC92600CBD096 /* LaunchScreen.storyboard in Resources */ = {isa = PBXBuildFile; fileRef = BE2039B8236CC92600CBD096 /* LaunchScreen.storyboard */; };
		BE2039C5236CC92700CBD096 /* eventosTests.swift in Sources */ = {isa = PBXBuildFile; fileRef = BE2039C4236CC92700CBD096 /* eventosTests.swift */; };
		BE2039D0236CC92700CBD096 /* eventosUITests.swift in Sources */ = {isa = PBXBuildFile; fileRef = BE2039CF236CC92700CBD096 /* eventosUITests.swift */; };
		BE2039E3236CCCE600CBD096 /* celdaEventoController.swift in Sources */ = {isa = PBXBuildFile; fileRef = BE2039E2236CCCE600CBD096 /* celdaEventoController.swift */; };
		BE2039E6236CCE6100CBD096 /* modeloEvento.swift in Sources */ = {isa = PBXBuildFile; fileRef = BE2039E5236CCE6100CBD096 /* modeloEvento.swift */; };
		BE8E7CFF23721C0C0052C371 /* AlamofireImage.framework in Frameworks */ = {isa = PBXBuildFile; fileRef = BE8E7CF023721BD00052C371 /* AlamofireImage.framework */; };
		BE8E7D0023721C0C0052C371 /* AlamofireImage.framework in Embed Frameworks */ = {isa = PBXBuildFile; fileRef = BE8E7CF023721BD00052C371 /* AlamofireImage.framework */; settings = {ATTRIBUTES = (CodeSignOnCopy, RemoveHeadersOnCopy, ); }; };
/* End PBXBuildFile section */

/* Begin PBXContainerItemProxy section */
		BE1F065C2370CC3700CF6FE6 /* PBXContainerItemProxy */ = {
			isa = PBXContainerItemProxy;
			containerPortal = BE1F06522370CC3700CF6FE6 /* Alamofire.xcodeproj */;
			proxyType = 2;
			remoteGlobalIDString = F8111E3319A95C8B0040E7D1;
			remoteInfo = "Alamofire iOS";
		};
		BE1F065E2370CC3700CF6FE6 /* PBXContainerItemProxy */ = {
			isa = PBXContainerItemProxy;
			containerPortal = BE1F06522370CC3700CF6FE6 /* Alamofire.xcodeproj */;
			proxyType = 2;
			remoteGlobalIDString = F8111E3E19A95C8B0040E7D1;
			remoteInfo = "Alamofire iOS Tests";
		};
		BE1F06602370CC3700CF6FE6 /* PBXContainerItemProxy */ = {
			isa = PBXContainerItemProxy;
			containerPortal = BE1F06522370CC3700CF6FE6 /* Alamofire.xcodeproj */;
			proxyType = 2;
			remoteGlobalIDString = 4DD67C0B1A5C55C900ED2280;
			remoteInfo = "Alamofire macOS";
		};
		BE1F06622370CC3700CF6FE6 /* PBXContainerItemProxy */ = {
			isa = PBXContainerItemProxy;
			containerPortal = BE1F06522370CC3700CF6FE6 /* Alamofire.xcodeproj */;
			proxyType = 2;
			remoteGlobalIDString = F829C6B21A7A94F100A2CD59;
			remoteInfo = "Alamofire macOS Tests";
		};
		BE1F06642370CC3700CF6FE6 /* PBXContainerItemProxy */ = {
			isa = PBXContainerItemProxy;
			containerPortal = BE1F06522370CC3700CF6FE6 /* Alamofire.xcodeproj */;
			proxyType = 2;
			remoteGlobalIDString = 4CF626EF1BA7CB3E0011A099;
			remoteInfo = "Alamofire tvOS";
		};
		BE1F06662370CC3700CF6FE6 /* PBXContainerItemProxy */ = {
			isa = PBXContainerItemProxy;
			containerPortal = BE1F06522370CC3700CF6FE6 /* Alamofire.xcodeproj */;
			proxyType = 2;
			remoteGlobalIDString = 4CF626F81BA7CB3E0011A099;
			remoteInfo = "Alamofire tvOS Tests";
		};
		BE1F06682370CC3700CF6FE6 /* PBXContainerItemProxy */ = {
			isa = PBXContainerItemProxy;
			containerPortal = BE1F06522370CC3700CF6FE6 /* Alamofire.xcodeproj */;
			proxyType = 2;
			remoteGlobalIDString = E4202FE01B667AA100C997FB;
			remoteInfo = "Alamofire watchOS";
		};
		BE2039C1236CC92700CBD096 /* PBXContainerItemProxy */ = {
			isa = PBXContainerItemProxy;
			containerPortal = BE2039A2236CC92500CBD096 /* Project object */;
			proxyType = 1;
			remoteGlobalIDString = BE2039A9236CC92500CBD096;
			remoteInfo = eventos;
		};
		BE2039CC236CC92700CBD096 /* PBXContainerItemProxy */ = {
			isa = PBXContainerItemProxy;
			containerPortal = BE2039A2236CC92500CBD096 /* Project object */;
			proxyType = 1;
			remoteGlobalIDString = BE2039A9236CC92500CBD096;
			remoteInfo = eventos;
		};
		BE8E7CEF23721BD00052C371 /* PBXContainerItemProxy */ = {
			isa = PBXContainerItemProxy;
			containerPortal = BE8E7CDC23721BD00052C371 /* AlamofireImage.xcodeproj */;
			proxyType = 2;
			remoteGlobalIDString = 4C9043771AABBFC5001B4E60;
			remoteInfo = "AlamofireImage iOS";
		};
		BE8E7CF123721BD00052C371 /* PBXContainerItemProxy */ = {
			isa = PBXContainerItemProxy;
			containerPortal = BE8E7CDC23721BD00052C371 /* AlamofireImage.xcodeproj */;
			proxyType = 2;
			remoteGlobalIDString = 4C9043821AABBFC5001B4E60;
			remoteInfo = "AlamofireImage iOS Tests";
		};
		BE8E7CF323721BD00052C371 /* PBXContainerItemProxy */ = {
			isa = PBXContainerItemProxy;
			containerPortal = BE8E7CDC23721BD00052C371 /* AlamofireImage.xcodeproj */;
			proxyType = 2;
			remoteGlobalIDString = 4CE611321AABC24E00D35044;
			remoteInfo = "AlamofireImage macOS";
		};
		BE8E7CF523721BD00052C371 /* PBXContainerItemProxy */ = {
			isa = PBXContainerItemProxy;
			containerPortal = BE8E7CDC23721BD00052C371 /* AlamofireImage.xcodeproj */;
			proxyType = 2;
			remoteGlobalIDString = 4CE611471AABC5C900D35044;
			remoteInfo = "AlamofireImage macOS Tests";
		};
		BE8E7CF723721BD00052C371 /* PBXContainerItemProxy */ = {
			isa = PBXContainerItemProxy;
			containerPortal = BE8E7CDC23721BD00052C371 /* AlamofireImage.xcodeproj */;
			proxyType = 2;
			remoteGlobalIDString = 4C16B37D1BA9399500A66EF0;
			remoteInfo = "AlamofireImage tvOS";
		};
		BE8E7CF923721BD00052C371 /* PBXContainerItemProxy */ = {
			isa = PBXContainerItemProxy;
			containerPortal = BE8E7CDC23721BD00052C371 /* AlamofireImage.xcodeproj */;
			proxyType = 2;
			remoteGlobalIDString = 4C16B3861BA9399500A66EF0;
			remoteInfo = "AlamofireImage tvOS Tests";
		};
		BE8E7CFB23721BD00052C371 /* PBXContainerItemProxy */ = {
			isa = PBXContainerItemProxy;
			containerPortal = BE8E7CDC23721BD00052C371 /* AlamofireImage.xcodeproj */;
			proxyType = 2;
			remoteGlobalIDString = 4C4D4EC11B92976900C96855;
			remoteInfo = "AlamofireImage watchOS";
		};
		BE8E7CFD23721BD00052C371 /* PBXContainerItemProxy */ = {
			isa = PBXContainerItemProxy;
			containerPortal = BE8E7CDC23721BD00052C371 /* AlamofireImage.xcodeproj */;
			proxyType = 2;
			remoteGlobalIDString = 4C11830B2150517E007A8298;
			remoteInfo = "iOS Example";
		};
/* End PBXContainerItemProxy section */

/* Begin PBXCopyFilesBuildPhase section */
		BE1F066D2370CCF200CF6FE6 /* Embed Frameworks */ = {
			isa = PBXCopyFilesBuildPhase;
			buildActionMask = 2147483647;
			dstPath = "";
			dstSubfolderSpec = 10;
			files = (
				BE1F066C2370CCF100CF6FE6 /* Alamofire.framework in Embed Frameworks */,
				BE8E7D0023721C0C0052C371 /* AlamofireImage.framework in Embed Frameworks */,
			);
			name = "Embed Frameworks";
			runOnlyForDeploymentPostprocessing = 0;
		};
/* End PBXCopyFilesBuildPhase section */

/* Begin PBXFileReference section */
		BE1F06522370CC3700CF6FE6 /* Alamofire.xcodeproj */ = {isa = PBXFileReference; lastKnownFileType = "wrapper.pb-project"; name = Alamofire.xcodeproj; path = Alamofire/Alamofire.xcodeproj; sourceTree = "<group>"; };
		BE2039AA236CC92500CBD096 /* eventos.app */ = {isa = PBXFileReference; explicitFileType = wrapper.application; includeInIndex = 0; path = eventos.app; sourceTree = BUILT_PRODUCTS_DIR; };
		BE2039AD236CC92500CBD096 /* AppDelegate.swift */ = {isa = PBXFileReference; lastKnownFileType = sourcecode.swift; path = AppDelegate.swift; sourceTree = "<group>"; };
		BE2039AF236CC92500CBD096 /* SceneDelegate.swift */ = {isa = PBXFileReference; lastKnownFileType = sourcecode.swift; path = SceneDelegate.swift; sourceTree = "<group>"; };
		BE2039B1236CC92500CBD096 /* ViewController.swift */ = {isa = PBXFileReference; lastKnownFileType = sourcecode.swift; path = ViewController.swift; sourceTree = "<group>"; };
		BE2039B4236CC92500CBD096 /* Base */ = {isa = PBXFileReference; lastKnownFileType = file.storyboard; name = Base; path = Base.lproj/Main.storyboard; sourceTree = "<group>"; };
		BE2039B6236CC92600CBD096 /* Assets.xcassets */ = {isa = PBXFileReference; lastKnownFileType = folder.assetcatalog; path = Assets.xcassets; sourceTree = "<group>"; };
		BE2039B9236CC92600CBD096 /* Base */ = {isa = PBXFileReference; lastKnownFileType = file.storyboard; name = Base; path = Base.lproj/LaunchScreen.storyboard; sourceTree = "<group>"; };
		BE2039BB236CC92600CBD096 /* Info.plist */ = {isa = PBXFileReference; lastKnownFileType = text.plist.xml; path = Info.plist; sourceTree = "<group>"; };
		BE2039C0236CC92700CBD096 /* eventosTests.xctest */ = {isa = PBXFileReference; explicitFileType = wrapper.cfbundle; includeInIndex = 0; path = eventosTests.xctest; sourceTree = BUILT_PRODUCTS_DIR; };
		BE2039C4236CC92700CBD096 /* eventosTests.swift */ = {isa = PBXFileReference; lastKnownFileType = sourcecode.swift; path = eventosTests.swift; sourceTree = "<group>"; };
		BE2039C6236CC92700CBD096 /* Info.plist */ = {isa = PBXFileReference; lastKnownFileType = text.plist.xml; path = Info.plist; sourceTree = "<group>"; };
		BE2039CB236CC92700CBD096 /* eventosUITests.xctest */ = {isa = PBXFileReference; explicitFileType = wrapper.cfbundle; includeInIndex = 0; path = eventosUITests.xctest; sourceTree = BUILT_PRODUCTS_DIR; };
		BE2039CF236CC92700CBD096 /* eventosUITests.swift */ = {isa = PBXFileReference; lastKnownFileType = sourcecode.swift; path = eventosUITests.swift; sourceTree = "<group>"; };
		BE2039D1236CC92700CBD096 /* Info.plist */ = {isa = PBXFileReference; lastKnownFileType = text.plist.xml; path = Info.plist; sourceTree = "<group>"; };
		BE2039E2236CCCE600CBD096 /* celdaEventoController.swift */ = {isa = PBXFileReference; lastKnownFileType = sourcecode.swift; path = celdaEventoController.swift; sourceTree = "<group>"; };
		BE2039E5236CCE6100CBD096 /* modeloEvento.swift */ = {isa = PBXFileReference; lastKnownFileType = sourcecode.swift; path = modeloEvento.swift; sourceTree = "<group>"; };
		BE8E7CDC23721BD00052C371 /* AlamofireImage.xcodeproj */ = {isa = PBXFileReference; lastKnownFileType = "wrapper.pb-project"; name = AlamofireImage.xcodeproj; path = AlamofireImage/AlamofireImage.xcodeproj; sourceTree = "<group>"; };
/* End PBXFileReference section */

/* Begin PBXFrameworksBuildPhase section */
		BE2039A7236CC92500CBD096 /* Frameworks */ = {
			isa = PBXFrameworksBuildPhase;
			buildActionMask = 2147483647;
			files = (
				BE1F066B2370CCF100CF6FE6 /* Alamofire.framework in Frameworks */,
				BE8E7CFF23721C0C0052C371 /* AlamofireImage.framework in Frameworks */,
			);
			runOnlyForDeploymentPostprocessing = 0;
		};
		BE2039BD236CC92700CBD096 /* Frameworks */ = {
			isa = PBXFrameworksBuildPhase;
			buildActionMask = 2147483647;
			files = (
			);
			runOnlyForDeploymentPostprocessing = 0;
		};
		BE2039C8236CC92700CBD096 /* Frameworks */ = {
			isa = PBXFrameworksBuildPhase;
			buildActionMask = 2147483647;
			files = (
			);
			runOnlyForDeploymentPostprocessing = 0;
		};
/* End PBXFrameworksBuildPhase section */

/* Begin PBXGroup section */
		BE1F06532370CC3700CF6FE6 /* Products */ = {
			isa = PBXGroup;
			children = (
				BE1F065D2370CC3700CF6FE6 /* Alamofire.framework */,
				BE1F065F2370CC3700CF6FE6 /* Alamofire iOS Tests.xctest */,
				BE1F06612370CC3700CF6FE6 /* Alamofire.framework */,
				BE1F06632370CC3700CF6FE6 /* Alamofire macOS Tests.xctest */,
				BE1F06652370CC3700CF6FE6 /* Alamofire.framework */,
				BE1F06672370CC3700CF6FE6 /* Alamofire tvOS Tests.xctest */,
				BE1F06692370CC3700CF6FE6 /* Alamofire.framework */,
			);
			name = Products;
			sourceTree = "<group>";
		};
		BE1F066A2370CCF100CF6FE6 /* Frameworks */ = {
			isa = PBXGroup;
			children = (
			);
			name = Frameworks;
			sourceTree = "<group>";
		};
		BE2039A1236CC92500CBD096 = {
			isa = PBXGroup;
			children = (
				BE8E7CDC23721BD00052C371 /* AlamofireImage.xcodeproj */,
				BE1F06522370CC3700CF6FE6 /* Alamofire.xcodeproj */,
				BE2039AC236CC92500CBD096 /* eventos */,
				BE2039C3236CC92700CBD096 /* eventosTests */,
				BE2039CE236CC92700CBD096 /* eventosUITests */,
				BE2039AB236CC92500CBD096 /* Products */,
				BE1F066A2370CCF100CF6FE6 /* Frameworks */,
			);
			sourceTree = "<group>";
		};
		BE2039AB236CC92500CBD096 /* Products */ = {
			isa = PBXGroup;
			children = (
				BE2039AA236CC92500CBD096 /* eventos.app */,
				BE2039C0236CC92700CBD096 /* eventosTests.xctest */,
				BE2039CB236CC92700CBD096 /* eventosUITests.xctest */,
			);
			name = Products;
			sourceTree = "<group>";
		};
		BE2039AC236CC92500CBD096 /* eventos */ = {
			isa = PBXGroup;
			children = (
				BE2039BB236CC92600CBD096 /* Info.plist */,
				BE2039E1236CCA1300CBD096 /* Resources */,
				BE2039E0236CCA0700CBD096 /* App */,
				BE2039DF236CC9F700CBD096 /* Storyboards */,
				BE2039DE236CC9EE00CBD096 /* Modelos */,
				BE2039DD236CC9DF00CBD096 /* ViewControllers */,
			);
			path = eventos;
			sourceTree = "<group>";
		};
		BE2039C3236CC92700CBD096 /* eventosTests */ = {
			isa = PBXGroup;
			children = (
				BE2039C4236CC92700CBD096 /* eventosTests.swift */,
				BE2039C6236CC92700CBD096 /* Info.plist */,
			);
			path = eventosTests;
			sourceTree = "<group>";
		};
		BE2039CE236CC92700CBD096 /* eventosUITests */ = {
			isa = PBXGroup;
			children = (
				BE2039CF236CC92700CBD096 /* eventosUITests.swift */,
				BE2039D1236CC92700CBD096 /* Info.plist */,
			);
			path = eventosUITests;
			sourceTree = "<group>";
		};
		BE2039DD236CC9DF00CBD096 /* ViewControllers */ = {
			isa = PBXGroup;
			children = (
				BE2039AF236CC92500CBD096 /* SceneDelegate.swift */,
				BE2039B1236CC92500CBD096 /* ViewController.swift */,
				BE2039E2236CCCE600CBD096 /* celdaEventoController.swift */,
			);
			path = ViewControllers;
			sourceTree = "<group>";
		};
		BE2039DE236CC9EE00CBD096 /* Modelos */ = {
			isa = PBXGroup;
			children = (
				BE2039E5236CCE6100CBD096 /* modeloEvento.swift */,
			);
			path = Modelos;
			sourceTree = "<group>";
		};
		BE2039DF236CC9F700CBD096 /* Storyboards */ = {
			isa = PBXGroup;
			children = (
				BE2039B3236CC92500CBD096 /* Main.storyboard */,
				BE2039B8236CC92600CBD096 /* LaunchScreen.storyboard */,
			);
			path = Storyboards;
			sourceTree = "<group>";
		};
		BE2039E0236CCA0700CBD096 /* App */ = {
			isa = PBXGroup;
			children = (
				BE2039AD236CC92500CBD096 /* AppDelegate.swift */,
			);
			path = App;
			sourceTree = "<group>";
		};
		BE2039E1236CCA1300CBD096 /* Resources */ = {
			isa = PBXGroup;
			children = (
				BE2039B6236CC92600CBD096 /* Assets.xcassets */,
			);
			path = Resources;
			sourceTree = "<group>";
		};
		BE8E7CDD23721BD00052C371 /* Products */ = {
			isa = PBXGroup;
			children = (
				BE8E7CF023721BD00052C371 /* AlamofireImage.framework */,
				BE8E7CF223721BD00052C371 /* AlamofireImage iOS Tests.xctest */,
				BE8E7CF423721BD00052C371 /* AlamofireImage.framework */,
				BE8E7CF623721BD00052C371 /* AlamofireImage macOS Tests.xctest */,
				BE8E7CF823721BD00052C371 /* AlamofireImage.framework */,
				BE8E7CFA23721BD00052C371 /* AlamofireImage tvOS Tests.xctest */,
				BE8E7CFC23721BD00052C371 /* AlamofireImage.framework */,
				BE8E7CFE23721BD00052C371 /* iOS Example.app */,
			);
			name = Products;
			sourceTree = "<group>";
		};
/* End PBXGroup section */

/* Begin PBXNativeTarget section */
		BE2039A9236CC92500CBD096 /* eventos */ = {
			isa = PBXNativeTarget;
			buildConfigurationList = BE2039D4236CC92700CBD096 /* Build configuration list for PBXNativeTarget "eventos" */;
			buildPhases = (
				BE2039A6236CC92500CBD096 /* Sources */,
				BE2039A7236CC92500CBD096 /* Frameworks */,
				BE2039A8236CC92500CBD096 /* Resources */,
				BE1F066D2370CCF200CF6FE6 /* Embed Frameworks */,
			);
			buildRules = (
			);
			dependencies = (
			);
			name = eventos;
			productName = eventos;
			productReference = BE2039AA236CC92500CBD096 /* eventos.app */;
			productType = "com.apple.product-type.application";
		};
		BE2039BF236CC92700CBD096 /* eventosTests */ = {
			isa = PBXNativeTarget;
			buildConfigurationList = BE2039D7236CC92700CBD096 /* Build configuration list for PBXNativeTarget "eventosTests" */;
			buildPhases = (
				BE2039BC236CC92700CBD096 /* Sources */,
				BE2039BD236CC92700CBD096 /* Frameworks */,
				BE2039BE236CC92700CBD096 /* Resources */,
			);
			buildRules = (
			);
			dependencies = (
				BE2039C2236CC92700CBD096 /* PBXTargetDependency */,
			);
			name = eventosTests;
			productName = eventosTests;
			productReference = BE2039C0236CC92700CBD096 /* eventosTests.xctest */;
			productType = "com.apple.product-type.bundle.unit-test";
		};
		BE2039CA236CC92700CBD096 /* eventosUITests */ = {
			isa = PBXNativeTarget;
			buildConfigurationList = BE2039DA236CC92700CBD096 /* Build configuration list for PBXNativeTarget "eventosUITests" */;
			buildPhases = (
				BE2039C7236CC92700CBD096 /* Sources */,
				BE2039C8236CC92700CBD096 /* Frameworks */,
				BE2039C9236CC92700CBD096 /* Resources */,
			);
			buildRules = (
			);
			dependencies = (
				BE2039CD236CC92700CBD096 /* PBXTargetDependency */,
			);
			name = eventosUITests;
			productName = eventosUITests;
			productReference = BE2039CB236CC92700CBD096 /* eventosUITests.xctest */;
			productType = "com.apple.product-type.bundle.ui-testing";
		};
/* End PBXNativeTarget section */

/* Begin PBXProject section */
		BE2039A2236CC92500CBD096 /* Project object */ = {
			isa = PBXProject;
			attributes = {
				LastSwiftUpdateCheck = 1110;
				LastUpgradeCheck = 1110;
				ORGANIZATIONNAME = equipo;
				TargetAttributes = {
					BE2039A9236CC92500CBD096 = {
						CreatedOnToolsVersion = 11.1;
					};
					BE2039BF236CC92700CBD096 = {
						CreatedOnToolsVersion = 11.1;
						TestTargetID = BE2039A9236CC92500CBD096;
					};
					BE2039CA236CC92700CBD096 = {
						CreatedOnToolsVersion = 11.1;
						TestTargetID = BE2039A9236CC92500CBD096;
					};
				};
			};
			buildConfigurationList = BE2039A5236CC92500CBD096 /* Build configuration list for PBXProject "eventos" */;
			compatibilityVersion = "Xcode 9.3";
			developmentRegion = en;
			hasScannedForEncodings = 0;
			knownRegions = (
				en,
				Base,
			);
			mainGroup = BE2039A1236CC92500CBD096;
			productRefGroup = BE2039AB236CC92500CBD096 /* Products */;
			projectDirPath = "";
			projectReferences = (
				{
					ProductGroup = BE1F06532370CC3700CF6FE6 /* Products */;
					ProjectRef = BE1F06522370CC3700CF6FE6 /* Alamofire.xcodeproj */;
				},
				{
					ProductGroup = BE8E7CDD23721BD00052C371 /* Products */;
					ProjectRef = BE8E7CDC23721BD00052C371 /* AlamofireImage.xcodeproj */;
				},
			);
			projectRoot = "";
			targets = (
				BE2039A9236CC92500CBD096 /* eventos */,
				BE2039BF236CC92700CBD096 /* eventosTests */,
				BE2039CA236CC92700CBD096 /* eventosUITests */,
			);
		};
/* End PBXProject section */

/* Begin PBXReferenceProxy section */
		BE1F065D2370CC3700CF6FE6 /* Alamofire.framework */ = {
			isa = PBXReferenceProxy;
			fileType = wrapper.framework;
			path = Alamofire.framework;
			remoteRef = BE1F065C2370CC3700CF6FE6 /* PBXContainerItemProxy */;
			sourceTree = BUILT_PRODUCTS_DIR;
		};
		BE1F065F2370CC3700CF6FE6 /* Alamofire iOS Tests.xctest */ = {
			isa = PBXReferenceProxy;
			fileType = wrapper.cfbundle;
			path = "Alamofire iOS Tests.xctest";
			remoteRef = BE1F065E2370CC3700CF6FE6 /* PBXContainerItemProxy */;
			sourceTree = BUILT_PRODUCTS_DIR;
		};
		BE1F06612370CC3700CF6FE6 /* Alamofire.framework */ = {
			isa = PBXReferenceProxy;
			fileType = wrapper.framework;
			path = Alamofire.framework;
			remoteRef = BE1F06602370CC3700CF6FE6 /* PBXContainerItemProxy */;
			sourceTree = BUILT_PRODUCTS_DIR;
		};
		BE1F06632370CC3700CF6FE6 /* Alamofire macOS Tests.xctest */ = {
			isa = PBXReferenceProxy;
			fileType = wrapper.cfbundle;
			path = "Alamofire macOS Tests.xctest";
			remoteRef = BE1F06622370CC3700CF6FE6 /* PBXContainerItemProxy */;
			sourceTree = BUILT_PRODUCTS_DIR;
		};
		BE1F06652370CC3700CF6FE6 /* Alamofire.framework */ = {
			isa = PBXReferenceProxy;
			fileType = wrapper.framework;
			path = Alamofire.framework;
			remoteRef = BE1F06642370CC3700CF6FE6 /* PBXContainerItemProxy */;
			sourceTree = BUILT_PRODUCTS_DIR;
		};
		BE1F06672370CC3700CF6FE6 /* Alamofire tvOS Tests.xctest */ = {
			isa = PBXReferenceProxy;
			fileType = wrapper.cfbundle;
			path = "Alamofire tvOS Tests.xctest";
			remoteRef = BE1F06662370CC3700CF6FE6 /* PBXContainerItemProxy */;
			sourceTree = BUILT_PRODUCTS_DIR;
		};
		BE1F06692370CC3700CF6FE6 /* Alamofire.framework */ = {
			isa = PBXReferenceProxy;
			fileType = wrapper.framework;
			path = Alamofire.framework;
			remoteRef = BE1F06682370CC3700CF6FE6 /* PBXContainerItemProxy */;
			sourceTree = BUILT_PRODUCTS_DIR;
		};
		BE8E7CF023721BD00052C371 /* AlamofireImage.framework */ = {
			isa = PBXReferenceProxy;
			fileType = wrapper.framework;
			path = AlamofireImage.framework;
			remoteRef = BE8E7CEF23721BD00052C371 /* PBXContainerItemProxy */;
			sourceTree = BUILT_PRODUCTS_DIR;
		};
		BE8E7CF223721BD00052C371 /* AlamofireImage iOS Tests.xctest */ = {
			isa = PBXReferenceProxy;
			fileType = wrapper.cfbundle;
			path = "AlamofireImage iOS Tests.xctest";
			remoteRef = BE8E7CF123721BD00052C371 /* PBXContainerItemProxy */;
			sourceTree = BUILT_PRODUCTS_DIR;
		};
		BE8E7CF423721BD00052C371 /* AlamofireImage.framework */ = {
			isa = PBXReferenceProxy;
			fileType = wrapper.framework;
			path = AlamofireImage.framework;
			remoteRef = BE8E7CF323721BD00052C371 /* PBXContainerItemProxy */;
			sourceTree = BUILT_PRODUCTS_DIR;
		};
		BE8E7CF623721BD00052C371 /* AlamofireImage macOS Tests.xctest */ = {
			isa = PBXReferenceProxy;
			fileType = wrapper.cfbundle;
			path = "AlamofireImage macOS Tests.xctest";
			remoteRef = BE8E7CF523721BD00052C371 /* PBXContainerItemProxy */;
			sourceTree = BUILT_PRODUCTS_DIR;
		};
		BE8E7CF823721BD00052C371 /* AlamofireImage.framework */ = {
			isa = PBXReferenceProxy;
			fileType = wrapper.framework;
			path = AlamofireImage.framework;
			remoteRef = BE8E7CF723721BD00052C371 /* PBXContainerItemProxy */;
			sourceTree = BUILT_PRODUCTS_DIR;
		};
		BE8E7CFA23721BD00052C371 /* AlamofireImage tvOS Tests.xctest */ = {
			isa = PBXReferenceProxy;
			fileType = wrapper.cfbundle;
			path = "AlamofireImage tvOS Tests.xctest";
			remoteRef = BE8E7CF923721BD00052C371 /* PBXContainerItemProxy */;
			sourceTree = BUILT_PRODUCTS_DIR;
		};
		BE8E7CFC23721BD00052C371 /* AlamofireImage.framework */ = {
			isa = PBXReferenceProxy;
			fileType = wrapper.framework;
			path = AlamofireImage.framework;
			remoteRef = BE8E7CFB23721BD00052C371 /* PBXContainerItemProxy */;
			sourceTree = BUILT_PRODUCTS_DIR;
		};
		BE8E7CFE23721BD00052C371 /* iOS Example.app */ = {
			isa = PBXReferenceProxy;
			fileType = wrapper.application;
			path = "iOS Example.app";
			remoteRef = BE8E7CFD23721BD00052C371 /* PBXContainerItemProxy */;
			sourceTree = BUILT_PRODUCTS_DIR;
		};
/* End PBXReferenceProxy section */

/* Begin PBXResourcesBuildPhase section */
		BE2039A8236CC92500CBD096 /* Resources */ = {
			isa = PBXResourcesBuildPhase;
			buildActionMask = 2147483647;
			files = (
				BE2039BA236CC92600CBD096 /* LaunchScreen.storyboard in Resources */,
				BE2039B7236CC92600CBD096 /* Assets.xcassets in Resources */,
				BE2039B5236CC92500CBD096 /* Main.storyboard in Resources */,
			);
			runOnlyForDeploymentPostprocessing = 0;
		};
		BE2039BE236CC92700CBD096 /* Resources */ = {
			isa = PBXResourcesBuildPhase;
			buildActionMask = 2147483647;
			files = (
			);
			runOnlyForDeploymentPostprocessing = 0;
		};
		BE2039C9236CC92700CBD096 /* Resources */ = {
			isa = PBXResourcesBuildPhase;
			buildActionMask = 2147483647;
			files = (
			);
			runOnlyForDeploymentPostprocessing = 0;
		};
/* End PBXResourcesBuildPhase section */

/* Begin PBXSourcesBuildPhase section */
		BE2039A6236CC92500CBD096 /* Sources */ = {
			isa = PBXSourcesBuildPhase;
			buildActionMask = 2147483647;
			files = (
				BE2039E3236CCCE600CBD096 /* celdaEventoController.swift in Sources */,
				BE2039B2236CC92500CBD096 /* ViewController.swift in Sources */,
				BE2039E6236CCE6100CBD096 /* modeloEvento.swift in Sources */,
				BE2039AE236CC92500CBD096 /* AppDelegate.swift in Sources */,
				BE2039B0236CC92500CBD096 /* SceneDelegate.swift in Sources */,
			);
			runOnlyForDeploymentPostprocessing = 0;
		};
		BE2039BC236CC92700CBD096 /* Sources */ = {
			isa = PBXSourcesBuildPhase;
			buildActionMask = 2147483647;
			files = (
				BE2039C5236CC92700CBD096 /* eventosTests.swift in Sources */,
			);
			runOnlyForDeploymentPostprocessing = 0;
		};
		BE2039C7236CC92700CBD096 /* Sources */ = {
			isa = PBXSourcesBuildPhase;
			buildActionMask = 2147483647;
			files = (
				BE2039D0236CC92700CBD096 /* eventosUITests.swift in Sources */,
			);
			runOnlyForDeploymentPostprocessing = 0;
		};
/* End PBXSourcesBuildPhase section */

/* Begin PBXTargetDependency section */
		BE2039C2236CC92700CBD096 /* PBXTargetDependency */ = {
			isa = PBXTargetDependency;
			target = BE2039A9236CC92500CBD096 /* eventos */;
			targetProxy = BE2039C1236CC92700CBD096 /* PBXContainerItemProxy */;
		};
		BE2039CD236CC92700CBD096 /* PBXTargetDependency */ = {
			isa = PBXTargetDependency;
			target = BE2039A9236CC92500CBD096 /* eventos */;
			targetProxy = BE2039CC236CC92700CBD096 /* PBXContainerItemProxy */;
		};
/* End PBXTargetDependency section */

/* Begin PBXVariantGroup section */
		BE2039B3236CC92500CBD096 /* Main.storyboard */ = {
			isa = PBXVariantGroup;
			children = (
				BE2039B4236CC92500CBD096 /* Base */,
			);
			name = Main.storyboard;
			sourceTree = "<group>";
		};
		BE2039B8236CC92600CBD096 /* LaunchScreen.storyboard */ = {
			isa = PBXVariantGroup;
			children = (
				BE2039B9236CC92600CBD096 /* Base */,
			);
			name = LaunchScreen.storyboard;
			sourceTree = "<group>";
		};
/* End PBXVariantGroup section */

/* Begin XCBuildConfiguration section */
		BE2039D2236CC92700CBD096 /* Debug */ = {
			isa = XCBuildConfiguration;
			buildSettings = {
				ALWAYS_SEARCH_USER_PATHS = NO;
				CLANG_ANALYZER_NONNULL = YES;
				CLANG_ANALYZER_NUMBER_OBJECT_CONVERSION = YES_AGGRESSIVE;
				CLANG_CXX_LANGUAGE_STANDARD = "gnu++14";
				CLANG_CXX_LIBRARY = "libc++";
				CLANG_ENABLE_MODULES = YES;
				CLANG_ENABLE_OBJC_ARC = YES;
				CLANG_ENABLE_OBJC_WEAK = YES;
				CLANG_WARN_BLOCK_CAPTURE_AUTORELEASING = YES;
				CLANG_WARN_BOOL_CONVERSION = YES;
				CLANG_WARN_COMMA = YES;
				CLANG_WARN_CONSTANT_CONVERSION = YES;
				CLANG_WARN_DEPRECATED_OBJC_IMPLEMENTATIONS = YES;
				CLANG_WARN_DIRECT_OBJC_ISA_USAGE = YES_ERROR;
				CLANG_WARN_DOCUMENTATION_COMMENTS = YES;
				CLANG_WARN_EMPTY_BODY = YES;
				CLANG_WARN_ENUM_CONVERSION = YES;
				CLANG_WARN_INFINITE_RECURSION = YES;
				CLANG_WARN_INT_CONVERSION = YES;
				CLANG_WARN_NON_LITERAL_NULL_CONVERSION = YES;
				CLANG_WARN_OBJC_IMPLICIT_RETAIN_SELF = YES;
				CLANG_WARN_OBJC_LITERAL_CONVERSION = YES;
				CLANG_WARN_OBJC_ROOT_CLASS = YES_ERROR;
				CLANG_WARN_RANGE_LOOP_ANALYSIS = YES;
				CLANG_WARN_STRICT_PROTOTYPES = YES;
				CLANG_WARN_SUSPICIOUS_MOVE = YES;
				CLANG_WARN_UNGUARDED_AVAILABILITY = YES_AGGRESSIVE;
				CLANG_WARN_UNREACHABLE_CODE = YES;
				CLANG_WARN__DUPLICATE_METHOD_MATCH = YES;
				COPY_PHASE_STRIP = NO;
				DEBUG_INFORMATION_FORMAT = dwarf;
				ENABLE_STRICT_OBJC_MSGSEND = YES;
				ENABLE_TESTABILITY = YES;
				GCC_C_LANGUAGE_STANDARD = gnu11;
				GCC_DYNAMIC_NO_PIC = NO;
				GCC_NO_COMMON_BLOCKS = YES;
				GCC_OPTIMIZATION_LEVEL = 0;
				GCC_PREPROCESSOR_DEFINITIONS = (
					"DEBUG=1",
					"$(inherited)",
				);
				GCC_WARN_64_TO_32_BIT_CONVERSION = YES;
				GCC_WARN_ABOUT_RETURN_TYPE = YES_ERROR;
				GCC_WARN_UNDECLARED_SELECTOR = YES;
				GCC_WARN_UNINITIALIZED_AUTOS = YES_AGGRESSIVE;
				GCC_WARN_UNUSED_FUNCTION = YES;
				GCC_WARN_UNUSED_VARIABLE = YES;
				IPHONEOS_DEPLOYMENT_TARGET = 13.1;
				MTL_ENABLE_DEBUG_INFO = INCLUDE_SOURCE;
				MTL_FAST_MATH = YES;
				ONLY_ACTIVE_ARCH = YES;
				SDKROOT = iphoneos;
				SWIFT_ACTIVE_COMPILATION_CONDITIONS = DEBUG;
				SWIFT_OPTIMIZATION_LEVEL = "-Onone";
			};
			name = Debug;
		};
		BE2039D3236CC92700CBD096 /* Release */ = {
			isa = XCBuildConfiguration;
			buildSettings = {
				ALWAYS_SEARCH_USER_PATHS = NO;
				CLANG_ANALYZER_NONNULL = YES;
				CLANG_ANALYZER_NUMBER_OBJECT_CONVERSION = YES_AGGRESSIVE;
				CLANG_CXX_LANGUAGE_STANDARD = "gnu++14";
				CLANG_CXX_LIBRARY = "libc++";
				CLANG_ENABLE_MODULES = YES;
				CLANG_ENABLE_OBJC_ARC = YES;
				CLANG_ENABLE_OBJC_WEAK = YES;
				CLANG_WARN_BLOCK_CAPTURE_AUTORELEASING = YES;
				CLANG_WARN_BOOL_CONVERSION = YES;
				CLANG_WARN_COMMA = YES;
				CLANG_WARN_CONSTANT_CONVERSION = YES;
				CLANG_WARN_DEPRECATED_OBJC_IMPLEMENTATIONS = YES;
				CLANG_WARN_DIRECT_OBJC_ISA_USAGE = YES_ERROR;
				CLANG_WARN_DOCUMENTATION_COMMENTS = YES;
				CLANG_WARN_EMPTY_BODY = YES;
				CLANG_WARN_ENUM_CONVERSION = YES;
				CLANG_WARN_INFINITE_RECURSION = YES;
				CLANG_WARN_INT_CONVERSION = YES;
				CLANG_WARN_NON_LITERAL_NULL_CONVERSION = YES;
				CLANG_WARN_OBJC_IMPLICIT_RETAIN_SELF = YES;
				CLANG_WARN_OBJC_LITERAL_CONVERSION = YES;
				CLANG_WARN_OBJC_ROOT_CLASS = YES_ERROR;
				CLANG_WARN_RANGE_LOOP_ANALYSIS = YES;
				CLANG_WARN_STRICT_PROTOTYPES = YES;
				CLANG_WARN_SUSPICIOUS_MOVE = YES;
				CLANG_WARN_UNGUARDED_AVAILABILITY = YES_AGGRESSIVE;
				CLANG_WARN_UNREACHABLE_CODE = YES;
				CLANG_WARN__DUPLICATE_METHOD_MATCH = YES;
				COPY_PHASE_STRIP = NO;
				DEBUG_INFORMATION_FORMAT = "dwarf-with-dsym";
				ENABLE_NS_ASSERTIONS = NO;
				ENABLE_STRICT_OBJC_MSGSEND = YES;
				GCC_C_LANGUAGE_STANDARD = gnu11;
				GCC_NO_COMMON_BLOCKS = YES;
				GCC_WARN_64_TO_32_BIT_CONVERSION = YES;
				GCC_WARN_ABOUT_RETURN_TYPE = YES_ERROR;
				GCC_WARN_UNDECLARED_SELECTOR = YES;
				GCC_WARN_UNINITIALIZED_AUTOS = YES_AGGRESSIVE;
				GCC_WARN_UNUSED_FUNCTION = YES;
				GCC_WARN_UNUSED_VARIABLE = YES;
				IPHONEOS_DEPLOYMENT_TARGET = 13.1;
				MTL_ENABLE_DEBUG_INFO = NO;
				MTL_FAST_MATH = YES;
				SDKROOT = iphoneos;
				SWIFT_COMPILATION_MODE = wholemodule;
				SWIFT_OPTIMIZATION_LEVEL = "-O";
				VALIDATE_PRODUCT = YES;
			};
			name = Release;
		};
		BE2039D5236CC92700CBD096 /* Debug */ = {
			isa = XCBuildConfiguration;
			buildSettings = {
				ASSETCATALOG_COMPILER_APPICON_NAME = AppIcon;
				CODE_SIGN_STYLE = Automatic;
				INFOPLIST_FILE = eventos/Info.plist;
				LD_RUNPATH_SEARCH_PATHS = (
					"$(inherited)",
					"@executable_path/Frameworks",
				);
				PRODUCT_BUNDLE_IDENTIFIER = edu.ulsa.eventos;
				PRODUCT_NAME = "$(TARGET_NAME)";
				SWIFT_VERSION = 5.0;
				TARGETED_DEVICE_FAMILY = "1,2";
			};
			name = Debug;
		};
		BE2039D6236CC92700CBD096 /* Release */ = {
			isa = XCBuildConfiguration;
			buildSettings = {
				ASSETCATALOG_COMPILER_APPICON_NAME = AppIcon;
				CODE_SIGN_STYLE = Automatic;
				INFOPLIST_FILE = eventos/Info.plist;
				LD_RUNPATH_SEARCH_PATHS = (
					"$(inherited)",
					"@executable_path/Frameworks",
				);
				PRODUCT_BUNDLE_IDENTIFIER = edu.ulsa.eventos;
				PRODUCT_NAME = "$(TARGET_NAME)";
				SWIFT_VERSION = 5.0;
				TARGETED_DEVICE_FAMILY = "1,2";
			};
			name = Release;
		};
		BE2039D8236CC92700CBD096 /* Debug */ = {
			isa = XCBuildConfiguration;
			buildSettings = {
				ALWAYS_EMBED_SWIFT_STANDARD_LIBRARIES = YES;
				BUNDLE_LOADER = "$(TEST_HOST)";
				CODE_SIGN_STYLE = Automatic;
				INFOPLIST_FILE = eventosTests/Info.plist;
				IPHONEOS_DEPLOYMENT_TARGET = 13.1;
				LD_RUNPATH_SEARCH_PATHS = (
					"$(inherited)",
					"@executable_path/Frameworks",
					"@loader_path/Frameworks",
				);
				PRODUCT_BUNDLE_IDENTIFIER = edu.ulsa.eventosTests;
				PRODUCT_NAME = "$(TARGET_NAME)";
				SWIFT_VERSION = 5.0;
				TARGETED_DEVICE_FAMILY = "1,2";
				TEST_HOST = "$(BUILT_PRODUCTS_DIR)/eventos.app/eventos";
			};
			name = Debug;
		};
		BE2039D9236CC92700CBD096 /* Release */ = {
			isa = XCBuildConfiguration;
			buildSettings = {
				ALWAYS_EMBED_SWIFT_STANDARD_LIBRARIES = YES;
				BUNDLE_LOADER = "$(TEST_HOST)";
				CODE_SIGN_STYLE = Automatic;
				INFOPLIST_FILE = eventosTests/Info.plist;
				IPHONEOS_DEPLOYMENT_TARGET = 13.1;
				LD_RUNPATH_SEARCH_PATHS = (
					"$(inherited)",
					"@executable_path/Frameworks",
					"@loader_path/Frameworks",
				);
				PRODUCT_BUNDLE_IDENTIFIER = edu.ulsa.eventosTests;
				PRODUCT_NAME = "$(TARGET_NAME)";
				SWIFT_VERSION = 5.0;
				TARGETED_DEVICE_FAMILY = "1,2";
				TEST_HOST = "$(BUILT_PRODUCTS_DIR)/eventos.app/eventos";
			};
			name = Release;
		};
		BE2039DB236CC92700CBD096 /* Debug */ = {
			isa = XCBuildConfiguration;
			buildSettings = {
				ALWAYS_EMBED_SWIFT_STANDARD_LIBRARIES = YES;
				CODE_SIGN_STYLE = Automatic;
				INFOPLIST_FILE = eventosUITests/Info.plist;
				LD_RUNPATH_SEARCH_PATHS = (
					"$(inherited)",
					"@executable_path/Frameworks",
					"@loader_path/Frameworks",
				);
				PRODUCT_BUNDLE_IDENTIFIER = edu.ulsa.eventosUITests;
				PRODUCT_NAME = "$(TARGET_NAME)";
				SWIFT_VERSION = 5.0;
				TARGETED_DEVICE_FAMILY = "1,2";
				TEST_TARGET_NAME = eventos;
			};
			name = Debug;
		};
		BE2039DC236CC92700CBD096 /* Release */ = {
			isa = XCBuildConfiguration;
			buildSettings = {
				ALWAYS_EMBED_SWIFT_STANDARD_LIBRARIES = YES;
				CODE_SIGN_STYLE = Automatic;
				INFOPLIST_FILE = eventosUITests/Info.plist;
				LD_RUNPATH_SEARCH_PATHS = (
					"$(inherited)",
					"@executable_path/Frameworks",
					"@loader_path/Frameworks",
				);
				PRODUCT_BUNDLE_IDENTIFIER = edu.ulsa.eventosUITests;
				PRODUCT_NAME = "$(TARGET_NAME)";
				SWIFT_VERSION = 5.0;
				TARGETED_DEVICE_FAMILY = "1,2";
				TEST_TARGET_NAME = eventos;
			};
			name = Release;
		};
/* End XCBuildConfiguration section */

/* Begin XCConfigurationList section */
		BE2039A5236CC92500CBD096 /* Build configuration list for PBXProject "eventos" */ = {
			isa = XCConfigurationList;
			buildConfigurations = (
				BE2039D2236CC92700CBD096 /* Debug */,
				BE2039D3236CC92700CBD096 /* Release */,
			);
			defaultConfigurationIsVisible = 0;
			defaultConfigurationName = Release;
		};
		BE2039D4236CC92700CBD096 /* Build configuration list for PBXNativeTarget "eventos" */ = {
			isa = XCConfigurationList;
			buildConfigurations = (
				BE2039D5236CC92700CBD096 /* Debug */,
				BE2039D6236CC92700CBD096 /* Release */,
			);
			defaultConfigurationIsVisible = 0;
			defaultConfigurationName = Release;
		};
		BE2039D7236CC92700CBD096 /* Build configuration list for PBXNativeTarget "eventosTests" */ = {
			isa = XCConfigurationList;
			buildConfigurations = (
				BE2039D8236CC92700CBD096 /* Debug */,
				BE2039D9236CC92700CBD096 /* Release */,
			);
			defaultConfigurationIsVisible = 0;
			defaultConfigurationName = Release;
		};
		BE2039DA236CC92700CBD096 /* Build configuration list for PBXNativeTarget "eventosUITests" */ = {
			isa = XCConfigurationList;
			buildConfigurations = (
				BE2039DB236CC92700CBD096 /* Debug */,
				BE2039DC236CC92700CBD096 /* Release */,
			);
			defaultConfigurationIsVisible = 0;
			defaultConfigurationName = Release;
		};
/* End XCConfigurationList section */
	};
	rootObject = BE2039A2236CC92500CBD096 /* Project object */;
}
